# This file was autogenerated by Stack.
# You should not edit this file by hand.
# For more information, please see the documentation at:
#   https://docs.haskellstack.org/en/stable/topics/lock_files

packages:
- completed:
    hackage: forsyde-shallow-3.5.0.0@sha256:6746d7f6173c8c7b212d7ef0ecb0a4efad8ef9399073707701973c1e5c118f9c,4377
    pantry-tree:
      sha256: c835743c8422e2619caeaf824f0c0bdd3d66156822798a7ba54e2a704f18475c
      size: 2600
  original:
    hackage: forsyde-shallow-3.5.0.0
- completed:
    commit: 42ea163e1997b646221e1d292c0b1e461903ab69
    git: https://github.com/ricardobonna/haskell-quaternion
    name: haskell-quaternion
    pantry-tree:
      sha256: 261d1cbbc968a39839324547df8a9a1eb64be45d92106ce7b5a26d58b8630186
      size: 367
    version: 0.1.0.0
  original:
    commit: 42ea163e1997b646221e1d292c0b1e461903ab69
    git: https://github.com/ricardobonna/haskell-quaternion
- completed:
    commit: dc011cd737f98b8a67f6051560d9fce553385905
    git: https://github.com/nick8325/quickspec.git
    name: quickspec
    pantry-tree:
      sha256: 41cc8c8fd0b40d26163f522bd70b6a9de0e579bec29de68f08f6cd04804ff3ba
      size: 9029
    version: '2.2'
  original:
    commit: dc011cd737f98b8a67f6051560d9fce553385905
    git: https://github.com/nick8325/quickspec.git
- completed:
    hackage: twee-lib-2.5@sha256:2bf2b23d0f8cd427732de1a965d39d7d6d01f0dcf70f65d3a3135dbda0d14c9e,2570
    pantry-tree:
      sha256: fc666da607c928391a179f9866d59ed7a1ed3fb5972c4724d7bb0358d2332140
      size: 1720
  original:
    hackage: twee-lib-2.5
- completed:
    hackage: QuickCheck-2.14.3@sha256:f03d2f404d5ba465453d0fbc1944832789a759fe7c4f9bf8616bc1378a02fde4,7847
    pantry-tree:
      sha256: e920d61bcc10ef2aee0cc3e2a216d05b8491564ad27c1c5e2fbbb221b00b7f8e
      size: 2315
  original:
    hackage: QuickCheck-2.14.3
snapshots:
- completed:
    sha256: ea42619398e7d5bd124239ff5dd101a8d0d67c8875b265d868a3af057cd3dd31
    size: 672916
    url: https://raw.githubusercontent.com/commercialhaskell/stackage-snapshots/master/nightly/2025/8/3.yaml
  original: nightly-2025-08-03
