# This file was autogenerated by Stack.
# You should not edit this file by hand.
# For more information, please see the documentation at:
#   https://docs.haskellstack.org/en/stable/topics/lock_files

packages:
- completed:
    hackage: forsyde-shallow-3.5.0.0@sha256:6746d7f6173c8c7b212d7ef0ecb0a4efad8ef9399073707701973c1e5c118f9c,4377
    pantry-tree:
      sha256: c835743c8422e2619caeaf824f0c0bdd3d66156822798a7ba54e2a704f18475c
      size: 2600
  original:
    hackage: forsyde-shallow-3.5.0.0
- completed:
    hackage: liquidhaskell-0.9.12.2@sha256:f38b2f3aa25edc85e3f06f66b2c237a510471fcffd588319927d94b2b02c01a7,3457
    pantry-tree:
      sha256: 03c822c66364bbff898321b534404d5a0d3ba6dc01175987c51dafc116089e11
      size: 3366
  original:
    hackage: liquidhaskell-0.9.12.2
- completed:
    hackage: liquidhaskell-boot-0.9.12.2@sha256:46e6a3d6c46b29d3c110184b67a4e2cb7da30a28f944fe1bcd01a7c926f0dc57,10484
    pantry-tree:
      sha256: 1ee8e7b4cacadcb5686b000bf2300e96ef82353692ce22c670d60ce61ad349f7
      size: 7991
  original:
    hackage: liquidhaskell-boot-0.9.12.2
- completed:
    hackage: liquid-fixpoint-0.9.6.3.3@sha256:0587a0a22811525e8cb787052115bd7163278d1b069269a65b8de58233587d90,9568
    pantry-tree:
      sha256: e8ea016841d7c2ed7fd987310765ea8089012909e06545ed1639a724a92de5c3
      size: 16606
  original:
    hackage: liquid-fixpoint-0.9.6.3.3
- completed:
    hackage: smtlib-backends-0.4@sha256:a662fecbc8908337b8f19d9bb7e1515a29f4dd992a5eb88f1fcb59e6ab1d0871,1258
    pantry-tree:
      sha256: f46a0eb3dd5f894fe644bca55cdef65f16cfe5bc1d92c739b90eebd63d440835
      size: 275
  original:
    hackage: smtlib-backends-0.4
- completed:
    hackage: smtlib-backends-process-0.3@sha256:1cdd2ae8ebf3786f08cafe2f6b47001f7647779ad87cba3f05250f68d70e3f07,1676
    pantry-tree:
      sha256: 05326db88add261e687f039a81b8573a4192b42e47e994230e516b3c604af3e8
      size: 461
  original:
    hackage: smtlib-backends-process-0.3
- completed:
    commit: dc011cd737f98b8a67f6051560d9fce553385905
    git: https://github.com/nick8325/quickspec.git
    name: quickspec
    pantry-tree:
      sha256: 41cc8c8fd0b40d26163f522bd70b6a9de0e579bec29de68f08f6cd04804ff3ba
      size: 9029
    version: '2.2'
  original:
    commit: dc011cd737f98b8a67f6051560d9fce553385905
    git: https://github.com/nick8325/quickspec.git
- completed:
    hackage: twee-lib-2.5@sha256:2bf2b23d0f8cd427732de1a965d39d7d6d01f0dcf70f65d3a3135dbda0d14c9e,2570
    pantry-tree:
      sha256: fc666da607c928391a179f9866d59ed7a1ed3fb5972c4724d7bb0358d2332140
      size: 1720
  original:
    hackage: twee-lib-2.5
- completed:
    hackage: QuickCheck-2.14.3@sha256:f03d2f404d5ba465453d0fbc1944832789a759fe7c4f9bf8616bc1378a02fde4,7847
    pantry-tree:
      sha256: e920d61bcc10ef2aee0cc3e2a216d05b8491564ad27c1c5e2fbbb221b00b7f8e
      size: 2315
  original:
    hackage: QuickCheck-2.14.3
snapshots:
- completed:
    sha256: ea42619398e7d5bd124239ff5dd101a8d0d67c8875b265d868a3af057cd3dd31
    size: 672916
    url: https://raw.githubusercontent.com/commercialhaskell/stackage-snapshots/master/nightly/2025/8/3.yaml
  original: nightly-2025-08-03
